// !$*UTF8*$!
{
	archiveVersion = 1;
	classes = {
	};
	objectVersion = 52;
	objects = {

/* Begin PBXBuildFile section */
		F110274523D22F48000758F7 /* AppDelegate.swift in Sources */ = {isa = PBXBuildFile; fileRef = F110274423D22F48000758F7 /* AppDelegate.swift */; };
		F110274723D22F48000758F7 /* SceneDelegate.swift in Sources */ = {isa = PBXBuildFile; fileRef = F110274623D22F48000758F7 /* SceneDelegate.swift */; };
		F110274923D22F48000758F7 /* PhotosViewController.swift in Sources */ = {isa = PBXBuildFile; fileRef = F110274823D22F48000758F7 /* PhotosViewController.swift */; };
		F110274C23D22F48000758F7 /* Main.storyboard in Resources */ = {isa = PBXBuildFile; fileRef = F110274A23D22F48000758F7 /* Main.storyboard */; };
		F110274E23D22F4C000758F7 /* Assets.xcassets in Resources */ = {isa = PBXBuildFile; fileRef = F110274D23D22F4C000758F7 /* Assets.xcassets */; };
		F110275123D22F4C000758F7 /* LaunchScreen.storyboard in Resources */ = {isa = PBXBuildFile; fileRef = F110274F23D22F4C000758F7 /* LaunchScreen.storyboard */; };
		F110275C23D22F4C000758F7 /* Pursuit_Core_Persistence_LabTests.swift in Sources */ = {isa = PBXBuildFile; fileRef = F110275B23D22F4C000758F7 /* Pursuit_Core_Persistence_LabTests.swift */; };
		F110276A23D703FD000758F7 /* PhotosModel.swift in Sources */ = {isa = PBXBuildFile; fileRef = F110276923D703FD000758F7 /* PhotosModel.swift */; };
		F110276C23D709CA000758F7 /* FavoritesViewController.swift in Sources */ = {isa = PBXBuildFile; fileRef = F110276B23D709CA000758F7 /* FavoritesViewController.swift */; };
		F110276E23D709D7000758F7 /* DetailViewController.swift in Sources */ = {isa = PBXBuildFile; fileRef = F110276D23D709D7000758F7 /* DetailViewController.swift */; };
		F110277123D70A31000758F7 /* PhotosCollectionViewCell.swift in Sources */ = {isa = PBXBuildFile; fileRef = F110277023D70A31000758F7 /* PhotosCollectionViewCell.swift */; };
		F110277523D70CA8000758F7 /* ImageKit in Frameworks */ = {isa = PBXBuildFile; productRef = F110277423D70CA8000758F7 /* ImageKit */; };
		F110277723D70CD2000758F7 /* PhotosAPIClient.swift in Sources */ = {isa = PBXBuildFile; fileRef = F110277623D70CD2000758F7 /* PhotosAPIClient.swift */; };
		F110277A23D70FFA000758F7 /* ShowAlertController.swift in Sources */ = {isa = PBXBuildFile; fileRef = F110277923D70FFA000758F7 /* ShowAlertController.swift */; };
		F110277D23D71CFA000758F7 /* FileManger+Extensions.swift in Sources */ = {isa = PBXBuildFile; fileRef = F110277C23D71CFA000758F7 /* FileManger+Extensions.swift */; };
		F110277F23D71DEF000758F7 /* PersistanceHelper.swift in Sources */ = {isa = PBXBuildFile; fileRef = F110277E23D71DEF000758F7 /* PersistanceHelper.swift */; };
/* End PBXBuildFile section */

/* Begin PBXContainerItemProxy section */
		F110275823D22F4C000758F7 /* PBXContainerItemProxy */ = {
			isa = PBXContainerItemProxy;
			containerPortal = F110273923D22F48000758F7 /* Project object */;
			proxyType = 1;
			remoteGlobalIDString = F110274023D22F48000758F7;
			remoteInfo = "Pursuit-Core-Persistence-Lab";
		};
/* End PBXContainerItemProxy section */

/* Begin PBXFileReference section */
		F110274123D22F48000758F7 /* Pursuit-Core-Persistence-Lab.app */ = {isa = PBXFileReference; explicitFileType = wrapper.application; includeInIndex = 0; path = "Pursuit-Core-Persistence-Lab.app"; sourceTree = BUILT_PRODUCTS_DIR; };
		F110274423D22F48000758F7 /* AppDelegate.swift */ = {isa = PBXFileReference; lastKnownFileType = sourcecode.swift; path = AppDelegate.swift; sourceTree = "<group>"; };
		F110274623D22F48000758F7 /* SceneDelegate.swift */ = {isa = PBXFileReference; lastKnownFileType = sourcecode.swift; path = SceneDelegate.swift; sourceTree = "<group>"; };
		F110274823D22F48000758F7 /* PhotosViewController.swift */ = {isa = PBXFileReference; lastKnownFileType = sourcecode.swift; path = PhotosViewController.swift; sourceTree = "<group>"; };
		F110274B23D22F48000758F7 /* Base */ = {isa = PBXFileReference; lastKnownFileType = file.storyboard; name = Base; path = Base.lproj/Main.storyboard; sourceTree = "<group>"; };
		F110274D23D22F4C000758F7 /* Assets.xcassets */ = {isa = PBXFileReference; lastKnownFileType = folder.assetcatalog; path = Assets.xcassets; sourceTree = "<group>"; };
		F110275023D22F4C000758F7 /* Base */ = {isa = PBXFileReference; lastKnownFileType = file.storyboard; name = Base; path = Base.lproj/LaunchScreen.storyboard; sourceTree = "<group>"; };
		F110275223D22F4C000758F7 /* Info.plist */ = {isa = PBXFileReference; lastKnownFileType = text.plist.xml; path = Info.plist; sourceTree = "<group>"; };
		F110275723D22F4C000758F7 /* Pursuit-Core-Persistence-LabTests.xctest */ = {isa = PBXFileReference; explicitFileType = wrapper.cfbundle; includeInIndex = 0; path = "Pursuit-Core-Persistence-LabTests.xctest"; sourceTree = BUILT_PRODUCTS_DIR; };
		F110275B23D22F4C000758F7 /* Pursuit_Core_Persistence_LabTests.swift */ = {isa = PBXFileReference; lastKnownFileType = sourcecode.swift; path = Pursuit_Core_Persistence_LabTests.swift; sourceTree = "<group>"; };
		F110275D23D22F4C000758F7 /* Info.plist */ = {isa = PBXFileReference; lastKnownFileType = text.plist.xml; path = Info.plist; sourceTree = "<group>"; };
		F110276923D703FD000758F7 /* PhotosModel.swift */ = {isa = PBXFileReference; lastKnownFileType = sourcecode.swift; path = PhotosModel.swift; sourceTree = "<group>"; };
		F110276B23D709CA000758F7 /* FavoritesViewController.swift */ = {isa = PBXFileReference; lastKnownFileType = sourcecode.swift; path = FavoritesViewController.swift; sourceTree = "<group>"; };
		F110276D23D709D7000758F7 /* DetailViewController.swift */ = {isa = PBXFileReference; lastKnownFileType = sourcecode.swift; path = DetailViewController.swift; sourceTree = "<group>"; };
		F110277023D70A31000758F7 /* PhotosCollectionViewCell.swift */ = {isa = PBXFileReference; lastKnownFileType = sourcecode.swift; path = PhotosCollectionViewCell.swift; sourceTree = "<group>"; };
		F110277623D70CD2000758F7 /* PhotosAPIClient.swift */ = {isa = PBXFileReference; lastKnownFileType = sourcecode.swift; path = PhotosAPIClient.swift; sourceTree = "<group>"; };
		F110277923D70FFA000758F7 /* ShowAlertController.swift */ = {isa = PBXFileReference; lastKnownFileType = sourcecode.swift; path = ShowAlertController.swift; sourceTree = "<group>"; };
		F110277C23D71CFA000758F7 /* FileManger+Extensions.swift */ = {isa = PBXFileReference; lastKnownFileType = sourcecode.swift; path = "FileManger+Extensions.swift"; sourceTree = "<group>"; };
		F110277E23D71DEF000758F7 /* PersistanceHelper.swift */ = {isa = PBXFileReference; lastKnownFileType = sourcecode.swift; path = PersistanceHelper.swift; sourceTree = "<group>"; };
/* End PBXFileReference section */

/* Begin PBXFrameworksBuildPhase section */
		F110273E23D22F48000758F7 /* Frameworks */ = {
			isa = PBXFrameworksBuildPhase;
			buildActionMask = 2147483647;
			files = (
				F110277523D70CA8000758F7 /* ImageKit in Frameworks */,
			);
			runOnlyForDeploymentPostprocessing = 0;
		};
		F110275423D22F4C000758F7 /* Frameworks */ = {
			isa = PBXFrameworksBuildPhase;
			buildActionMask = 2147483647;
			files = (
			);
			runOnlyForDeploymentPostprocessing = 0;
		};
/* End PBXFrameworksBuildPhase section */

/* Begin PBXGroup section */
		F110273823D22F48000758F7 = {
			isa = PBXGroup;
			children = (
				F110274323D22F48000758F7 /* Pursuit-Core-Persistence-Lab */,
				F110275A23D22F4C000758F7 /* Pursuit-Core-Persistence-LabTests */,
				F110274223D22F48000758F7 /* Products */,
			);
			sourceTree = "<group>";
		};
		F110274223D22F48000758F7 /* Products */ = {
			isa = PBXGroup;
			children = (
				F110274123D22F48000758F7 /* Pursuit-Core-Persistence-Lab.app */,
				F110275723D22F4C000758F7 /* Pursuit-Core-Persistence-LabTests.xctest */,
			);
			name = Products;
			sourceTree = "<group>";
		};
		F110274323D22F48000758F7 /* Pursuit-Core-Persistence-Lab */ = {
			isa = PBXGroup;
			children = (
				F110277B23D71CBC000758F7 /* Data Persistance */,
				F110277823D70FBA000758F7 /* ViewController+Extensions */,
				F110277223D70C36000758F7 /* NetworkServices */,
				F110276F23D70A0E000758F7 /* Cell */,
				F110276823D703A7000758F7 /* Model */,
				F110276723D7037A000758F7 /* Support Files */,
				F110276623D7035C000758F7 /* Controllers */,
				F110274A23D22F48000758F7 /* Main.storyboard */,
				F110274F23D22F4C000758F7 /* LaunchScreen.storyboard */,
				F110275223D22F4C000758F7 /* Info.plist */,
			);
			path = "Pursuit-Core-Persistence-Lab";
			sourceTree = "<group>";
		};
		F110275A23D22F4C000758F7 /* Pursuit-Core-Persistence-LabTests */ = {
			isa = PBXGroup;
			children = (
				F110275B23D22F4C000758F7 /* Pursuit_Core_Persistence_LabTests.swift */,
				F110275D23D22F4C000758F7 /* Info.plist */,
			);
			path = "Pursuit-Core-Persistence-LabTests";
			sourceTree = "<group>";
		};
		F110276623D7035C000758F7 /* Controllers */ = {
			isa = PBXGroup;
			children = (
				F110274823D22F48000758F7 /* PhotosViewController.swift */,
				F110276B23D709CA000758F7 /* FavoritesViewController.swift */,
				F110276D23D709D7000758F7 /* DetailViewController.swift */,
			);
			path = Controllers;
			sourceTree = "<group>";
		};
		F110276723D7037A000758F7 /* Support Files */ = {
			isa = PBXGroup;
			children = (
				F110274423D22F48000758F7 /* AppDelegate.swift */,
				F110274623D22F48000758F7 /* SceneDelegate.swift */,
				F110274D23D22F4C000758F7 /* Assets.xcassets */,
			);
			path = "Support Files";
			sourceTree = "<group>";
		};
		F110276823D703A7000758F7 /* Model */ = {
			isa = PBXGroup;
			children = (
				F110276923D703FD000758F7 /* PhotosModel.swift */,
			);
			path = Model;
			sourceTree = "<group>";
		};
		F110276F23D70A0E000758F7 /* Cell */ = {
			isa = PBXGroup;
			children = (
				F110277023D70A31000758F7 /* PhotosCollectionViewCell.swift */,
			);
			path = Cell;
			sourceTree = "<group>";
		};
		F110277223D70C36000758F7 /* NetworkServices */ = {
			isa = PBXGroup;
			children = (
				F110277623D70CD2000758F7 /* PhotosAPIClient.swift */,
			);
			path = NetworkServices;
			sourceTree = "<group>";
		};
		F110277823D70FBA000758F7 /* ViewController+Extensions */ = {
			isa = PBXGroup;
			children = (
				F110277923D70FFA000758F7 /* ShowAlertController.swift */,
			);
			path = "ViewController+Extensions";
			sourceTree = "<group>";
		};
		F110277B23D71CBC000758F7 /* Data Persistance */ = {
			isa = PBXGroup;
			children = (
				F110277C23D71CFA000758F7 /* FileManger+Extensions.swift */,
				F110277E23D71DEF000758F7 /* PersistanceHelper.swift */,
			);
			path = "Data Persistance";
			sourceTree = "<group>";
		};
/* End PBXGroup section */

/* Begin PBXNativeTarget section */
		F110274023D22F48000758F7 /* Pursuit-Core-Persistence-Lab */ = {
			isa = PBXNativeTarget;
			buildConfigurationList = F110276023D22F4C000758F7 /* Build configuration list for PBXNativeTarget "Pursuit-Core-Persistence-Lab" */;
			buildPhases = (
				F110273D23D22F48000758F7 /* Sources */,
				F110273E23D22F48000758F7 /* Frameworks */,
				F110273F23D22F48000758F7 /* Resources */,
			);
			buildRules = (
			);
			dependencies = (
			);
			name = "Pursuit-Core-Persistence-Lab";
			packageProductDependencies = (
				F110277423D70CA8000758F7 /* ImageKit */,
			);
			productName = "Pursuit-Core-Persistence-Lab";
			productReference = F110274123D22F48000758F7 /* Pursuit-Core-Persistence-Lab.app */;
			productType = "com.apple.product-type.application";
		};
		F110275623D22F4C000758F7 /* Pursuit-Core-Persistence-LabTests */ = {
			isa = PBXNativeTarget;
			buildConfigurationList = F110276323D22F4C000758F7 /* Build configuration list for PBXNativeTarget "Pursuit-Core-Persistence-LabTests" */;
			buildPhases = (
				F110275323D22F4C000758F7 /* Sources */,
				F110275423D22F4C000758F7 /* Frameworks */,
				F110275523D22F4C000758F7 /* Resources */,
			);
			buildRules = (
			);
			dependencies = (
				F110275923D22F4C000758F7 /* PBXTargetDependency */,
			);
			name = "Pursuit-Core-Persistence-LabTests";
			productName = "Pursuit-Core-Persistence-LabTests";
			productReference = F110275723D22F4C000758F7 /* Pursuit-Core-Persistence-LabTests.xctest */;
			productType = "com.apple.product-type.bundle.unit-test";
		};
/* End PBXNativeTarget section */

/* Begin PBXProject section */
		F110273923D22F48000758F7 /* Project object */ = {
			isa = PBXProject;
			attributes = {
				LastSwiftUpdateCheck = 1130;
				LastUpgradeCheck = 1130;
				ORGANIZATIONNAME = "Bienbenido Angeles";
				TargetAttributes = {
					F110274023D22F48000758F7 = {
						CreatedOnToolsVersion = 11.3.1;
					};
					F110275623D22F4C000758F7 = {
						CreatedOnToolsVersion = 11.3.1;
						TestTargetID = F110274023D22F48000758F7;
					};
				};
			};
			buildConfigurationList = F110273C23D22F48000758F7 /* Build configuration list for PBXProject "Pursuit-Core-Persistence-Lab" */;
			compatibilityVersion = "Xcode 9.3";
			developmentRegion = en;
			hasScannedForEncodings = 0;
			knownRegions = (
				en,
				Base,
			);
			mainGroup = F110273823D22F48000758F7;
			packageReferences = (
				F110277323D70CA8000758F7 /* XCRemoteSwiftPackageReference "ImageKit" */,
			);
			productRefGroup = F110274223D22F48000758F7 /* Products */;
			projectDirPath = "";
			projectRoot = "";
			targets = (
				F110274023D22F48000758F7 /* Pursuit-Core-Persistence-Lab */,
				F110275623D22F4C000758F7 /* Pursuit-Core-Persistence-LabTests */,
			);
		};
/* End PBXProject section */

/* Begin PBXResourcesBuildPhase section */
		F110273F23D22F48000758F7 /* Resources */ = {
			isa = PBXResourcesBuildPhase;
			buildActionMask = 2147483647;
			files = (
				F110275123D22F4C000758F7 /* LaunchScreen.storyboard in Resources */,
				F110274E23D22F4C000758F7 /* Assets.xcassets in Resources */,
				F110274C23D22F48000758F7 /* Main.storyboard in Resources */,
			);
			runOnlyForDeploymentPostprocessing = 0;
		};
		F110275523D22F4C000758F7 /* Resources */ = {
			isa = PBXResourcesBuildPhase;
			buildActionMask = 2147483647;
			files = (
			);
			runOnlyForDeploymentPostprocessing = 0;
		};
/* End PBXResourcesBuildPhase section */

/* Begin PBXSourcesBuildPhase section */
		F110273D23D22F48000758F7 /* Sources */ = {
			isa = PBXSourcesBuildPhase;
			buildActionMask = 2147483647;
			files = (
				F110274923D22F48000758F7 /* PhotosViewController.swift in Sources */,
				F110277123D70A31000758F7 /* PhotosCollectionViewCell.swift in Sources */,
				F110277A23D70FFA000758F7 /* ShowAlertController.swift in Sources */,
				F110274523D22F48000758F7 /* AppDelegate.swift in Sources */,
				F110277F23D71DEF000758F7 /* PersistanceHelper.swift in Sources */,
				F110276A23D703FD000758F7 /* PhotosModel.swift in Sources */,
				F110276E23D709D7000758F7 /* DetailViewController.swift in Sources */,
				F110276C23D709CA000758F7 /* FavoritesViewController.swift in Sources */,
				F110277723D70CD2000758F7 /* PhotosAPIClient.swift in Sources */,
				F110274723D22F48000758F7 /* SceneDelegate.swift in Sources */,
				F110277D23D71CFA000758F7 /* FileManger+Extensions.swift in Sources */,
			);
			runOnlyForDeploymentPostprocessing = 0;
		};
		F110275323D22F4C000758F7 /* Sources */ = {
			isa = PBXSourcesBuildPhase;
			buildActionMask = 2147483647;
			files = (
				F110275C23D22F4C000758F7 /* Pursuit_Core_Persistence_LabTests.swift in Sources */,
			);
			runOnlyForDeploymentPostprocessing = 0;
		};
/* End PBXSourcesBuildPhase section */

/* Begin PBXTargetDependency section */
		F110275923D22F4C000758F7 /* PBXTargetDependency */ = {
			isa = PBXTargetDependency;
			target = F110274023D22F48000758F7 /* Pursuit-Core-Persistence-Lab */;
			targetProxy = F110275823D22F4C000758F7 /* PBXContainerItemProxy */;
		};
/* End PBXTargetDependency section */

/* Begin PBXVariantGroup section */
		F110274A23D22F48000758F7 /* Main.storyboard */ = {
			isa = PBXVariantGroup;
			children = (
				F110274B23D22F48000758F7 /* Base */,
			);
			name = Main.storyboard;
			sourceTree = "<group>";
		};
		F110274F23D22F4C000758F7 /* LaunchScreen.storyboard */ = {
			isa = PBXVariantGroup;
			children = (
				F110275023D22F4C000758F7 /* Base */,
			);
			name = LaunchScreen.storyboard;
			sourceTree = "<group>";
		};
/* End PBXVariantGroup section */

/* Begin XCBuildConfiguration section */
		F110275E23D22F4C000758F7 /* Debug */ = {
			isa = XCBuildConfiguration;
			buildSettings = {
				ALWAYS_SEARCH_USER_PATHS = NO;
				CLANG_ANALYZER_NONNULL = YES;
				CLANG_ANALYZER_NUMBER_OBJECT_CONVERSION = YES_AGGRESSIVE;
				CLANG_CXX_LANGUAGE_STANDARD = "gnu++14";
				CLANG_CXX_LIBRARY = "libc++";
				CLANG_ENABLE_MODULES = YES;
				CLANG_ENABLE_OBJC_ARC = YES;
				CLANG_ENABLE_OBJC_WEAK = YES;
				CLANG_WARN_BLOCK_CAPTURE_AUTORELEASING = YES;
				CLANG_WARN_BOOL_CONVERSION = YES;
				CLANG_WARN_COMMA = YES;
				CLANG_WARN_CONSTANT_CONVERSION = YES;
				CLANG_WARN_DEPRECATED_OBJC_IMPLEMENTATIONS = YES;
				CLANG_WARN_DIRECT_OBJC_ISA_USAGE = YES_ERROR;
				CLANG_WARN_DOCUMENTATION_COMMENTS = YES;
				CLANG_WARN_EMPTY_BODY = YES;
				CLANG_WARN_ENUM_CONVERSION = YES;
				CLANG_WARN_INFINITE_RECURSION = YES;
				CLANG_WARN_INT_CONVERSION = YES;
				CLANG_WARN_NON_LITERAL_NULL_CONVERSION = YES;
				CLANG_WARN_OBJC_IMPLICIT_RETAIN_SELF = YES;
				CLANG_WARN_OBJC_LITERAL_CONVERSION = YES;
				CLANG_WARN_OBJC_ROOT_CLASS = YES_ERROR;
				CLANG_WARN_RANGE_LOOP_ANALYSIS = YES;
				CLANG_WARN_STRICT_PROTOTYPES = YES;
				CLANG_WARN_SUSPICIOUS_MOVE = YES;
				CLANG_WARN_UNGUARDED_AVAILABILITY = YES_AGGRESSIVE;
				CLANG_WARN_UNREACHABLE_CODE = YES;
				CLANG_WARN__DUPLICATE_METHOD_MATCH = YES;
				COPY_PHASE_STRIP = NO;
				DEBUG_INFORMATION_FORMAT = dwarf;
				ENABLE_STRICT_OBJC_MSGSEND = YES;
				ENABLE_TESTABILITY = YES;
				GCC_C_LANGUAGE_STANDARD = gnu11;
				GCC_DYNAMIC_NO_PIC = NO;
				GCC_NO_COMMON_BLOCKS = YES;
				GCC_OPTIMIZATION_LEVEL = 0;
				GCC_PREPROCESSOR_DEFINITIONS = (
					"DEBUG=1",
					"$(inherited)",
				);
				GCC_WARN_64_TO_32_BIT_CONVERSION = YES;
				GCC_WARN_ABOUT_RETURN_TYPE = YES_ERROR;
				GCC_WARN_UNDECLARED_SELECTOR = YES;
				GCC_WARN_UNINITIALIZED_AUTOS = YES_AGGRESSIVE;
				GCC_WARN_UNUSED_FUNCTION = YES;
				GCC_WARN_UNUSED_VARIABLE = YES;
				IPHONEOS_DEPLOYMENT_TARGET = 13.2;
				MTL_ENABLE_DEBUG_INFO = INCLUDE_SOURCE;
				MTL_FAST_MATH = YES;
				ONLY_ACTIVE_ARCH = YES;
				SDKROOT = iphoneos;
				SWIFT_ACTIVE_COMPILATION_CONDITIONS = DEBUG;
				SWIFT_OPTIMIZATION_LEVEL = "-Onone";
			};
			name = Debug;
		};
		F110275F23D22F4C000758F7 /* Release */ = {
			isa = XCBuildConfiguration;
			buildSettings = {
				ALWAYS_SEARCH_USER_PATHS = NO;
				CLANG_ANALYZER_NONNULL = YES;
				CLANG_ANALYZER_NUMBER_OBJECT_CONVERSION = YES_AGGRESSIVE;
				CLANG_CXX_LANGUAGE_STANDARD = "gnu++14";
				CLANG_CXX_LIBRARY = "libc++";
				CLANG_ENABLE_MODULES = YES;
				CLANG_ENABLE_OBJC_ARC = YES;
				CLANG_ENABLE_OBJC_WEAK = YES;
				CLANG_WARN_BLOCK_CAPTURE_AUTORELEASING = YES;
				CLANG_WARN_BOOL_CONVERSION = YES;
				CLANG_WARN_COMMA = YES;
				CLANG_WARN_CONSTANT_CONVERSION = YES;
				CLANG_WARN_DEPRECATED_OBJC_IMPLEMENTATIONS = YES;
				CLANG_WARN_DIRECT_OBJC_ISA_USAGE = YES_ERROR;
				CLANG_WARN_DOCUMENTATION_COMMENTS = YES;
				CLANG_WARN_EMPTY_BODY = YES;
				CLANG_WARN_ENUM_CONVERSION = YES;
				CLANG_WARN_INFINITE_RECURSION = YES;
				CLANG_WARN_INT_CONVERSION = YES;
				CLANG_WARN_NON_LITERAL_NULL_CONVERSION = YES;
				CLANG_WARN_OBJC_IMPLICIT_RETAIN_SELF = YES;
				CLANG_WARN_OBJC_LITERAL_CONVERSION = YES;
				CLANG_WARN_OBJC_ROOT_CLASS = YES_ERROR;
				CLANG_WARN_RANGE_LOOP_ANALYSIS = YES;
				CLANG_WARN_STRICT_PROTOTYPES = YES;
				CLANG_WARN_SUSPICIOUS_MOVE = YES;
				CLANG_WARN_UNGUARDED_AVAILABILITY = YES_AGGRESSIVE;
				CLANG_WARN_UNREACHABLE_CODE = YES;
				CLANG_WARN__DUPLICATE_METHOD_MATCH = YES;
				COPY_PHASE_STRIP = NO;
				DEBUG_INFORMATION_FORMAT = "dwarf-with-dsym";
				ENABLE_NS_ASSERTIONS = NO;
				ENABLE_STRICT_OBJC_MSGSEND = YES;
				GCC_C_LANGUAGE_STANDARD = gnu11;
				GCC_NO_COMMON_BLOCKS = YES;
				GCC_WARN_64_TO_32_BIT_CONVERSION = YES;
				GCC_WARN_ABOUT_RETURN_TYPE = YES_ERROR;
				GCC_WARN_UNDECLARED_SELECTOR = YES;
				GCC_WARN_UNINITIALIZED_AUTOS = YES_AGGRESSIVE;
				GCC_WARN_UNUSED_FUNCTION = YES;
				GCC_WARN_UNUSED_VARIABLE = YES;
				IPHONEOS_DEPLOYMENT_TARGET = 13.2;
				MTL_ENABLE_DEBUG_INFO = NO;
				MTL_FAST_MATH = YES;
				SDKROOT = iphoneos;
				SWIFT_COMPILATION_MODE = wholemodule;
				SWIFT_OPTIMIZATION_LEVEL = "-O";
				VALIDATE_PRODUCT = YES;
			};
			name = Release;
		};
		F110276123D22F4C000758F7 /* Debug */ = {
			isa = XCBuildConfiguration;
			buildSettings = {
				ASSETCATALOG_COMPILER_APPICON_NAME = AppIcon;
				CODE_SIGN_STYLE = Automatic;
				DEVELOPMENT_TEAM = QZLWJATC87;
				INFOPLIST_FILE = "Pursuit-Core-Persistence-Lab/Info.plist";
				LD_RUNPATH_SEARCH_PATHS = (
					"$(inherited)",
					"@executable_path/Frameworks",
				);
				PRODUCT_BUNDLE_IDENTIFIER = "com.BienbenidoAngeles.Pursuit-Core-Persistence-Lab";
				PRODUCT_NAME = "$(TARGET_NAME)";
				SWIFT_VERSION = 5.0;
				TARGETED_DEVICE_FAMILY = "1,2";
			};
			name = Debug;
		};
		F110276223D22F4C000758F7 /* Release */ = {
			isa = XCBuildConfiguration;
			buildSettings = {
				ASSETCATALOG_COMPILER_APPICON_NAME = AppIcon;
				CODE_SIGN_STYLE = Automatic;
				DEVELOPMENT_TEAM = QZLWJATC87;
				INFOPLIST_FILE = "Pursuit-Core-Persistence-Lab/Info.plist";
				LD_RUNPATH_SEARCH_PATHS = (
					"$(inherited)",
					"@executable_path/Frameworks",
				);
				PRODUCT_BUNDLE_IDENTIFIER = "com.BienbenidoAngeles.Pursuit-Core-Persistence-Lab";
				PRODUCT_NAME = "$(TARGET_NAME)";
				SWIFT_VERSION = 5.0;
				TARGETED_DEVICE_FAMILY = "1,2";
			};
			name = Release;
		};
		F110276423D22F4C000758F7 /* Debug */ = {
			isa = XCBuildConfiguration;
			buildSettings = {
				ALWAYS_EMBED_SWIFT_STANDARD_LIBRARIES = YES;
				BUNDLE_LOADER = "$(TEST_HOST)";
				CODE_SIGN_STYLE = Automatic;
				DEVELOPMENT_TEAM = QZLWJATC87;
				INFOPLIST_FILE = "Pursuit-Core-Persistence-LabTests/Info.plist";
				IPHONEOS_DEPLOYMENT_TARGET = 13.2;
				LD_RUNPATH_SEARCH_PATHS = (
					"$(inherited)",
					"@executable_path/Frameworks",
					"@loader_path/Frameworks",
				);
				PRODUCT_BUNDLE_IDENTIFIER = "com.BienbenidoAngeles.Pursuit-Core-Persistence-LabTests";
				PRODUCT_NAME = "$(TARGET_NAME)";
				SWIFT_VERSION = 5.0;
				TARGETED_DEVICE_FAMILY = "1,2";
				TEST_HOST = "$(BUILT_PRODUCTS_DIR)/Pursuit-Core-Persistence-Lab.app/Pursuit-Core-Persistence-Lab";
			};
			name = Debug;
		};
		F110276523D22F4C000758F7 /* Release */ = {
			isa = XCBuildConfiguration;
			buildSettings = {
				ALWAYS_EMBED_SWIFT_STANDARD_LIBRARIES = YES;
				BUNDLE_LOADER = "$(TEST_HOST)";
				CODE_SIGN_STYLE = Automatic;
				DEVELOPMENT_TEAM = QZLWJATC87;
				INFOPLIST_FILE = "Pursuit-Core-Persistence-LabTests/Info.plist";
				IPHONEOS_DEPLOYMENT_TARGET = 13.2;
				LD_RUNPATH_SEARCH_PATHS = (
					"$(inherited)",
					"@executable_path/Frameworks",
					"@loader_path/Frameworks",
				);
				PRODUCT_BUNDLE_IDENTIFIER = "com.BienbenidoAngeles.Pursuit-Core-Persistence-LabTests";
				PRODUCT_NAME = "$(TARGET_NAME)";
				SWIFT_VERSION = 5.0;
				TARGETED_DEVICE_FAMILY = "1,2";
				TEST_HOST = "$(BUILT_PRODUCTS_DIR)/Pursuit-Core-Persistence-Lab.app/Pursuit-Core-Persistence-Lab";
			};
			name = Release;
		};
/* End XCBuildConfiguration section */

/* Begin XCConfigurationList section */
		F110273C23D22F48000758F7 /* Build configuration list for PBXProject "Pursuit-Core-Persistence-Lab" */ = {
			isa = XCConfigurationList;
			buildConfigurations = (
				F110275E23D22F4C000758F7 /* Debug */,
				F110275F23D22F4C000758F7 /* Release */,
			);
			defaultConfigurationIsVisible = 0;
			defaultConfigurationName = Release;
		};
		F110276023D22F4C000758F7 /* Build configuration list for PBXNativeTarget "Pursuit-Core-Persistence-Lab" */ = {
			isa = XCConfigurationList;
			buildConfigurations = (
				F110276123D22F4C000758F7 /* Debug */,
				F110276223D22F4C000758F7 /* Release */,
			);
			defaultConfigurationIsVisible = 0;
			defaultConfigurationName = Release;
		};
		F110276323D22F4C000758F7 /* Build configuration list for PBXNativeTarget "Pursuit-Core-Persistence-LabTests" */ = {
			isa = XCConfigurationList;
			buildConfigurations = (
				F110276423D22F4C000758F7 /* Debug */,
				F110276523D22F4C000758F7 /* Release */,
			);
			defaultConfigurationIsVisible = 0;
			defaultConfigurationName = Release;
		};
/* End XCConfigurationList section */

/* Begin XCRemoteSwiftPackageReference section */
		F110277323D70CA8000758F7 /* XCRemoteSwiftPackageReference "ImageKit" */ = {
			isa = XCRemoteSwiftPackageReference;
			repositoryURL = "https://github.com/alexpaul/ImageKit.git";
			requirement = {
				kind = upToNextMajorVersion;
				minimumVersion = 1.0.4;
			};
		};
/* End XCRemoteSwiftPackageReference section */

/* Begin XCSwiftPackageProductDependency section */
		F110277423D70CA8000758F7 /* ImageKit */ = {
			isa = XCSwiftPackageProductDependency;
			package = F110277323D70CA8000758F7 /* XCRemoteSwiftPackageReference "ImageKit" */;
			productName = ImageKit;
		};
/* End XCSwiftPackageProductDependency section */
	};
	rootObject = F110273923D22F48000758F7 /* Project object */;
}
